// !$*UTF8*$!
{
	archiveVersion = 1;
	classes = {
	};
	objectVersion = 51;
	objects = {

/* Begin PBXBuildFile section */
		1D0A00E92CA6730214F9876D /* libPods-TABAnimatedText.a in Frameworks */ = {isa = PBXBuildFile; fileRef = 268BB464B391C1FC9101D069 /* libPods-TABAnimatedText.a */; };
		F4F2F8482318B2FD00AFAAFF /* AppDelegate.m in Sources */ = {isa = PBXBuildFile; fileRef = F4F2F8472318B2FD00AFAAFF /* AppDelegate.m */; };
		F4F2F8502318B2FF00AFAAFF /* Assets.xcassets in Resources */ = {isa = PBXBuildFile; fileRef = F4F2F84F2318B2FF00AFAAFF /* Assets.xcassets */; };
		F4F2F8532318B2FF00AFAAFF /* LaunchScreen.storyboard in Resources */ = {isa = PBXBuildFile; fileRef = F4F2F8512318B2FF00AFAAFF /* LaunchScreen.storyboard */; };
		F4F2F8562318B2FF00AFAAFF /* main.m in Sources */ = {isa = PBXBuildFile; fileRef = F4F2F8552318B2FF00AFAAFF /* main.m */; };
		F4F2F8602318B2FF00AFAAFF /* TABAnimatedTextTests.m in Sources */ = {isa = PBXBuildFile; fileRef = F4F2F85F2318B2FF00AFAAFF /* TABAnimatedTextTests.m */; };
		F4F2F86B2318B2FF00AFAAFF /* TABAnimatedTextUITests.m in Sources */ = {isa = PBXBuildFile; fileRef = F4F2F86A2318B2FF00AFAAFF /* TABAnimatedTextUITests.m */; };
		F4F2F87A2318B59D00AFAAFF /* BaseViewController.m in Sources */ = {isa = PBXBuildFile; fileRef = F4F2F8792318B59D00AFAAFF /* BaseViewController.m */; };
		F4F2F8822318C17900AFAAFF /* BaseTableViewCell.m in Sources */ = {isa = PBXBuildFile; fileRef = F4F2F8812318C17900AFAAFF /* BaseTableViewCell.m */; };
		F4F2F8902318C21D00AFAAFF /* UITextField+Category.m in Sources */ = {isa = PBXBuildFile; fileRef = F4F2F8892318C21D00AFAAFF /* UITextField+Category.m */; };
		F4F2F8912318C21D00AFAAFF /* UIButton+Category.m in Sources */ = {isa = PBXBuildFile; fileRef = F4F2F88A2318C21D00AFAAFF /* UIButton+Category.m */; };
		F4F2F8922318C21D00AFAAFF /* UIImageView+Category.m in Sources */ = {isa = PBXBuildFile; fileRef = F4F2F88B2318C21D00AFAAFF /* UIImageView+Category.m */; };
		F4F2F8932318C21D00AFAAFF /* UILabel+Category.m in Sources */ = {isa = PBXBuildFile; fileRef = F4F2F88E2318C21D00AFAAFF /* UILabel+Category.m */; };
		F4F2F8942318C21D00AFAAFF /* UIView+Category.m in Sources */ = {isa = PBXBuildFile; fileRef = F4F2F88F2318C21D00AFAAFF /* UIView+Category.m */; };
		F4F2F8972318C44D00AFAAFF /* UIColor+HexColor.m in Sources */ = {isa = PBXBuildFile; fileRef = F4F2F8952318C44C00AFAAFF /* UIColor+HexColor.m */; };
		F4F2F8A82318F16400AFAAFF /* TableViewAnimationKit.m in Sources */ = {isa = PBXBuildFile; fileRef = F4F2F8A22318F16400AFAAFF /* TableViewAnimationKit.m */; };
		F4F2F8A92318F16400AFAAFF /* UITableView+XSAnimationKit.m in Sources */ = {isa = PBXBuildFile; fileRef = F4F2F8A72318F16400AFAAFF /* UITableView+XSAnimationKit.m */; };
		F4F2F8AC2318F67500AFAAFF /* BaseModel.m in Sources */ = {isa = PBXBuildFile; fileRef = F4F2F8AB2318F67500AFAAFF /* BaseModel.m */; };
/* End PBXBuildFile section */

/* Begin PBXContainerItemProxy section */
		F4F2F85C2318B2FF00AFAAFF /* PBXContainerItemProxy */ = {
			isa = PBXContainerItemProxy;
			containerPortal = F4F2F83B2318B2FD00AFAAFF /* Project object */;
			proxyType = 1;
			remoteGlobalIDString = F4F2F8422318B2FD00AFAAFF;
			remoteInfo = TABAnimatedText;
		};
		F4F2F8672318B2FF00AFAAFF /* PBXContainerItemProxy */ = {
			isa = PBXContainerItemProxy;
			containerPortal = F4F2F83B2318B2FD00AFAAFF /* Project object */;
			proxyType = 1;
			remoteGlobalIDString = F4F2F8422318B2FD00AFAAFF;
			remoteInfo = TABAnimatedText;
		};
/* End PBXContainerItemProxy section */

/* Begin PBXFileReference section */
		268BB464B391C1FC9101D069 /* libPods-TABAnimatedText.a */ = {isa = PBXFileReference; explicitFileType = archive.ar; includeInIndex = 0; path = "libPods-TABAnimatedText.a"; sourceTree = BUILT_PRODUCTS_DIR; };
		2F9D307672BC9B382A9F0049 /* Pods-TABAnimatedText.release.xcconfig */ = {isa = PBXFileReference; includeInIndex = 1; lastKnownFileType = text.xcconfig; name = "Pods-TABAnimatedText.release.xcconfig"; path = "Target Support Files/Pods-TABAnimatedText/Pods-TABAnimatedText.release.xcconfig"; sourceTree = "<group>"; };
		CC95F2F442A01B4327EDBCF8 /* Pods-TABAnimatedText.debug.xcconfig */ = {isa = PBXFileReference; includeInIndex = 1; lastKnownFileType = text.xcconfig; name = "Pods-TABAnimatedText.debug.xcconfig"; path = "Target Support Files/Pods-TABAnimatedText/Pods-TABAnimatedText.debug.xcconfig"; sourceTree = "<group>"; };
		F4F2F8432318B2FD00AFAAFF /* TABAnimatedText.app */ = {isa = PBXFileReference; explicitFileType = wrapper.application; includeInIndex = 0; path = TABAnimatedText.app; sourceTree = BUILT_PRODUCTS_DIR; };
		F4F2F8462318B2FD00AFAAFF /* AppDelegate.h */ = {isa = PBXFileReference; lastKnownFileType = sourcecode.c.h; path = AppDelegate.h; sourceTree = "<group>"; };
		F4F2F8472318B2FD00AFAAFF /* AppDelegate.m */ = {isa = PBXFileReference; lastKnownFileType = sourcecode.c.objc; path = AppDelegate.m; sourceTree = "<group>"; };
		F4F2F84F2318B2FF00AFAAFF /* Assets.xcassets */ = {isa = PBXFileReference; lastKnownFileType = folder.assetcatalog; path = Assets.xcassets; sourceTree = "<group>"; };
		F4F2F8522318B2FF00AFAAFF /* Base */ = {isa = PBXFileReference; lastKnownFileType = file.storyboard; name = Base; path = Base.lproj/LaunchScreen.storyboard; sourceTree = "<group>"; };
		F4F2F8542318B2FF00AFAAFF /* Info.plist */ = {isa = PBXFileReference; lastKnownFileType = text.plist.xml; path = Info.plist; sourceTree = "<group>"; };
		F4F2F8552318B2FF00AFAAFF /* main.m */ = {isa = PBXFileReference; lastKnownFileType = sourcecode.c.objc; path = main.m; sourceTree = "<group>"; };
		F4F2F85B2318B2FF00AFAAFF /* TABAnimatedTextTests.xctest */ = {isa = PBXFileReference; explicitFileType = wrapper.cfbundle; includeInIndex = 0; path = TABAnimatedTextTests.xctest; sourceTree = BUILT_PRODUCTS_DIR; };
		F4F2F85F2318B2FF00AFAAFF /* TABAnimatedTextTests.m */ = {isa = PBXFileReference; lastKnownFileType = sourcecode.c.objc; path = TABAnimatedTextTests.m; sourceTree = "<group>"; };
		F4F2F8612318B2FF00AFAAFF /* Info.plist */ = {isa = PBXFileReference; lastKnownFileType = text.plist.xml; path = Info.plist; sourceTree = "<group>"; };
		F4F2F8662318B2FF00AFAAFF /* TABAnimatedTextUITests.xctest */ = {isa = PBXFileReference; explicitFileType = wrapper.cfbundle; includeInIndex = 0; path = TABAnimatedTextUITests.xctest; sourceTree = BUILT_PRODUCTS_DIR; };
		F4F2F86A2318B2FF00AFAAFF /* TABAnimatedTextUITests.m */ = {isa = PBXFileReference; lastKnownFileType = sourcecode.c.objc; path = TABAnimatedTextUITests.m; sourceTree = "<group>"; };
		F4F2F86C2318B2FF00AFAAFF /* Info.plist */ = {isa = PBXFileReference; lastKnownFileType = text.plist.xml; path = Info.plist; sourceTree = "<group>"; };
		F4F2F8782318B59D00AFAAFF /* BaseViewController.h */ = {isa = PBXFileReference; lastKnownFileType = sourcecode.c.h; path = BaseViewController.h; sourceTree = "<group>"; };
		F4F2F8792318B59D00AFAAFF /* BaseViewController.m */ = {isa = PBXFileReference; lastKnownFileType = sourcecode.c.objc; path = BaseViewController.m; sourceTree = "<group>"; };
		F4F2F87B2318BB7900AFAAFF /* CommonDefine.h */ = {isa = PBXFileReference; lastKnownFileType = sourcecode.c.h; path = CommonDefine.h; sourceTree = "<group>"; };
		F4F2F87D2318BCC400AFAAFF /* TABAnimatedText.pch */ = {isa = PBXFileReference; lastKnownFileType = sourcecode.c.h; path = TABAnimatedText.pch; sourceTree = "<group>"; };
		F4F2F8802318C17900AFAAFF /* BaseTableViewCell.h */ = {isa = PBXFileReference; lastKnownFileType = sourcecode.c.h; path = BaseTableViewCell.h; sourceTree = "<group>"; };
		F4F2F8812318C17900AFAAFF /* BaseTableViewCell.m */ = {isa = PBXFileReference; lastKnownFileType = sourcecode.c.objc; path = BaseTableViewCell.m; sourceTree = "<group>"; };
		F4F2F8852318C21D00AFAAFF /* UIView+Category.h */ = {isa = PBXFileReference; fileEncoding = 4; lastKnownFileType = sourcecode.c.h; path = "UIView+Category.h"; sourceTree = "<group>"; };
		F4F2F8862318C21D00AFAAFF /* UITextField+Category.h */ = {isa = PBXFileReference; fileEncoding = 4; lastKnownFileType = sourcecode.c.h; path = "UITextField+Category.h"; sourceTree = "<group>"; };
		F4F2F8872318C21D00AFAAFF /* UIImageView+Category.h */ = {isa = PBXFileReference; fileEncoding = 4; lastKnownFileType = sourcecode.c.h; path = "UIImageView+Category.h"; sourceTree = "<group>"; };
		F4F2F8882318C21D00AFAAFF /* Category.h */ = {isa = PBXFileReference; fileEncoding = 4; lastKnownFileType = sourcecode.c.h; path = Category.h; sourceTree = "<group>"; };
		F4F2F8892318C21D00AFAAFF /* UITextField+Category.m */ = {isa = PBXFileReference; fileEncoding = 4; lastKnownFileType = sourcecode.c.objc; path = "UITextField+Category.m"; sourceTree = "<group>"; };
		F4F2F88A2318C21D00AFAAFF /* UIButton+Category.m */ = {isa = PBXFileReference; fileEncoding = 4; lastKnownFileType = sourcecode.c.objc; path = "UIButton+Category.m"; sourceTree = "<group>"; };
		F4F2F88B2318C21D00AFAAFF /* UIImageView+Category.m */ = {isa = PBXFileReference; fileEncoding = 4; lastKnownFileType = sourcecode.c.objc; path = "UIImageView+Category.m"; sourceTree = "<group>"; };
		F4F2F88C2318C21D00AFAAFF /* UIButton+Category.h */ = {isa = PBXFileReference; fileEncoding = 4; lastKnownFileType = sourcecode.c.h; path = "UIButton+Category.h"; sourceTree = "<group>"; };
		F4F2F88D2318C21D00AFAAFF /* UILabel+Category.h */ = {isa = PBXFileReference; fileEncoding = 4; lastKnownFileType = sourcecode.c.h; path = "UILabel+Category.h"; sourceTree = "<group>"; };
		F4F2F88E2318C21D00AFAAFF /* UILabel+Category.m */ = {isa = PBXFileReference; fileEncoding = 4; lastKnownFileType = sourcecode.c.objc; path = "UILabel+Category.m"; sourceTree = "<group>"; };
		F4F2F88F2318C21D00AFAAFF /* UIView+Category.m */ = {isa = PBXFileReference; fileEncoding = 4; lastKnownFileType = sourcecode.c.objc; path = "UIView+Category.m"; sourceTree = "<group>"; };
		F4F2F8952318C44C00AFAAFF /* UIColor+HexColor.m */ = {isa = PBXFileReference; fileEncoding = 4; lastKnownFileType = sourcecode.c.objc; path = "UIColor+HexColor.m"; sourceTree = "<group>"; };
		F4F2F8962318C44C00AFAAFF /* UIColor+HexColor.h */ = {isa = PBXFileReference; fileEncoding = 4; lastKnownFileType = sourcecode.c.h; path = "UIColor+HexColor.h"; sourceTree = "<group>"; };
		F4F2F8A22318F16400AFAAFF /* TableViewAnimationKit.m */ = {isa = PBXFileReference; fileEncoding = 4; lastKnownFileType = sourcecode.c.objc; path = TableViewAnimationKit.m; sourceTree = "<group>"; };
		F4F2F8A32318F16400AFAAFF /* TableViewAnimationKitHeaders.h */ = {isa = PBXFileReference; fileEncoding = 4; lastKnownFileType = sourcecode.c.h; path = TableViewAnimationKitHeaders.h; sourceTree = "<group>"; };
		F4F2F8A42318F16400AFAAFF /* UITableView+XSAnimationKit.h */ = {isa = PBXFileReference; fileEncoding = 4; lastKnownFileType = sourcecode.c.h; path = "UITableView+XSAnimationKit.h"; sourceTree = "<group>"; };
		F4F2F8A52318F16400AFAAFF /* TableViewAnimationKitConfig.h */ = {isa = PBXFileReference; fileEncoding = 4; lastKnownFileType = sourcecode.c.h; path = TableViewAnimationKitConfig.h; sourceTree = "<group>"; };
		F4F2F8A62318F16400AFAAFF /* TableViewAnimationKit.h */ = {isa = PBXFileReference; fileEncoding = 4; lastKnownFileType = sourcecode.c.h; path = TableViewAnimationKit.h; sourceTree = "<group>"; };
		F4F2F8A72318F16400AFAAFF /* UITableView+XSAnimationKit.m */ = {isa = PBXFileReference; fileEncoding = 4; lastKnownFileType = sourcecode.c.objc; path = "UITableView+XSAnimationKit.m"; sourceTree = "<group>"; };
		F4F2F8AA2318F67500AFAAFF /* BaseModel.h */ = {isa = PBXFileReference; lastKnownFileType = sourcecode.c.h; path = BaseModel.h; sourceTree = "<group>"; };
		F4F2F8AB2318F67500AFAAFF /* BaseModel.m */ = {isa = PBXFileReference; lastKnownFileType = sourcecode.c.objc; path = BaseModel.m; sourceTree = "<group>"; };
/* End PBXFileReference section */

/* Begin PBXFrameworksBuildPhase section */
		F4F2F8402318B2FD00AFAAFF /* Frameworks */ = {
			isa = PBXFrameworksBuildPhase;
			buildActionMask = 2147483647;
			files = (
				1D0A00E92CA6730214F9876D /* libPods-TABAnimatedText.a in Frameworks */,
			);
			runOnlyForDeploymentPostprocessing = 0;
		};
		F4F2F8582318B2FF00AFAAFF /* Frameworks */ = {
			isa = PBXFrameworksBuildPhase;
			buildActionMask = 2147483647;
			files = (
			);
			runOnlyForDeploymentPostprocessing = 0;
		};
		F4F2F8632318B2FF00AFAAFF /* Frameworks */ = {
			isa = PBXFrameworksBuildPhase;
			buildActionMask = 2147483647;
			files = (
			);
			runOnlyForDeploymentPostprocessing = 0;
		};
/* End PBXFrameworksBuildPhase section */

/* Begin PBXGroup section */
		87D41F05187C880C71A3064B /* Pods */ = {
			isa = PBXGroup;
			children = (
				CC95F2F442A01B4327EDBCF8 /* Pods-TABAnimatedText.debug.xcconfig */,
				2F9D307672BC9B382A9F0049 /* Pods-TABAnimatedText.release.xcconfig */,
			);
			path = Pods;
			sourceTree = "<group>";
		};
		E1ABA8D8D2918D25B095FA44 /* Frameworks */ = {
			isa = PBXGroup;
			children = (
				268BB464B391C1FC9101D069 /* libPods-TABAnimatedText.a */,
			);
			name = Frameworks;
			sourceTree = "<group>";
		};
		F4F2F83A2318B2FD00AFAAFF = {
			isa = PBXGroup;
			children = (
				F4F2F8452318B2FD00AFAAFF /* TABAnimatedText */,
				F4F2F85E2318B2FF00AFAAFF /* TABAnimatedTextTests */,
				F4F2F8692318B2FF00AFAAFF /* TABAnimatedTextUITests */,
				F4F2F8442318B2FD00AFAAFF /* Products */,
				87D41F05187C880C71A3064B /* Pods */,
				E1ABA8D8D2918D25B095FA44 /* Frameworks */,
			);
			sourceTree = "<group>";
		};
		F4F2F8442318B2FD00AFAAFF /* Products */ = {
			isa = PBXGroup;
			children = (
				F4F2F8432318B2FD00AFAAFF /* TABAnimatedText.app */,
				F4F2F85B2318B2FF00AFAAFF /* TABAnimatedTextTests.xctest */,
				F4F2F8662318B2FF00AFAAFF /* TABAnimatedTextUITests.xctest */,
			);
			name = Products;
			sourceTree = "<group>";
		};
		F4F2F8452318B2FD00AFAAFF /* TABAnimatedText */ = {
			isa = PBXGroup;
			children = (
				F4F2F8A12318F16400AFAAFF /* TableViewAnimationKit */,
				F4F2F8832318C1E700AFAAFF /* Common */,
				F4F2F87F2318C13900AFAAFF /* View */,
				F4F2F87E2318C11700AFAAFF /* Controller */,
				F4F2F8462318B2FD00AFAAFF /* AppDelegate.h */,
				F4F2F8472318B2FD00AFAAFF /* AppDelegate.m */,
				F4F2F84F2318B2FF00AFAAFF /* Assets.xcassets */,
				F4F2F8512318B2FF00AFAAFF /* LaunchScreen.storyboard */,
				F4F2F8542318B2FF00AFAAFF /* Info.plist */,
				F4F2F8552318B2FF00AFAAFF /* main.m */,
				F4F2F87D2318BCC400AFAAFF /* TABAnimatedText.pch */,
			);
			path = TABAnimatedText;
			sourceTree = "<group>";
		};
		F4F2F85E2318B2FF00AFAAFF /* TABAnimatedTextTests */ = {
			isa = PBXGroup;
			children = (
				F4F2F85F2318B2FF00AFAAFF /* TABAnimatedTextTests.m */,
				F4F2F8612318B2FF00AFAAFF /* Info.plist */,
			);
			path = TABAnimatedTextTests;
			sourceTree = "<group>";
		};
		F4F2F8692318B2FF00AFAAFF /* TABAnimatedTextUITests */ = {
			isa = PBXGroup;
			children = (
				F4F2F86A2318B2FF00AFAAFF /* TABAnimatedTextUITests.m */,
				F4F2F86C2318B2FF00AFAAFF /* Info.plist */,
			);
			path = TABAnimatedTextUITests;
			sourceTree = "<group>";
		};
		F4F2F87E2318C11700AFAAFF /* Controller */ = {
			isa = PBXGroup;
			children = (
				F4F2F8782318B59D00AFAAFF /* BaseViewController.h */,
				F4F2F8792318B59D00AFAAFF /* BaseViewController.m */,
			);
			path = Controller;
			sourceTree = "<group>";
		};
		F4F2F87F2318C13900AFAAFF /* View */ = {
			isa = PBXGroup;
			children = (
				F4F2F8802318C17900AFAAFF /* BaseTableViewCell.h */,
				F4F2F8812318C17900AFAAFF /* BaseTableViewCell.m */,
				F4F2F8AA2318F67500AFAAFF /* BaseModel.h */,
				F4F2F8AB2318F67500AFAAFF /* BaseModel.m */,
			);
			path = View;
			sourceTree = "<group>";
		};
		F4F2F8832318C1E700AFAAFF /* Common */ = {
			isa = PBXGroup;
			children = (
				F4F2F87B2318BB7900AFAAFF /* CommonDefine.h */,
				F4F2F8842318C20600AFAAFF /* Category */,
			);
			path = Common;
			sourceTree = "<group>";
		};
		F4F2F8842318C20600AFAAFF /* Category */ = {
			isa = PBXGroup;
			children = (
				F4F2F8962318C44C00AFAAFF /* UIColor+HexColor.h */,
				F4F2F8952318C44C00AFAAFF /* UIColor+HexColor.m */,
				F4F2F8882318C21D00AFAAFF /* Category.h */,
				F4F2F88C2318C21D00AFAAFF /* UIButton+Category.h */,
				F4F2F88A2318C21D00AFAAFF /* UIButton+Category.m */,
				F4F2F8872318C21D00AFAAFF /* UIImageView+Category.h */,
				F4F2F88B2318C21D00AFAAFF /* UIImageView+Category.m */,
				F4F2F88D2318C21D00AFAAFF /* UILabel+Category.h */,
				F4F2F88E2318C21D00AFAAFF /* UILabel+Category.m */,
				F4F2F8862318C21D00AFAAFF /* UITextField+Category.h */,
				F4F2F8892318C21D00AFAAFF /* UITextField+Category.m */,
				F4F2F8852318C21D00AFAAFF /* UIView+Category.h */,
				F4F2F88F2318C21D00AFAAFF /* UIView+Category.m */,
			);
			path = Category;
			sourceTree = "<group>";
		};
		F4F2F8A12318F16400AFAAFF /* TableViewAnimationKit */ = {
			isa = PBXGroup;
			children = (
				F4F2F8A22318F16400AFAAFF /* TableViewAnimationKit.m */,
				F4F2F8A32318F16400AFAAFF /* TableViewAnimationKitHeaders.h */,
				F4F2F8A42318F16400AFAAFF /* UITableView+XSAnimationKit.h */,
				F4F2F8A52318F16400AFAAFF /* TableViewAnimationKitConfig.h */,
				F4F2F8A62318F16400AFAAFF /* TableViewAnimationKit.h */,
				F4F2F8A72318F16400AFAAFF /* UITableView+XSAnimationKit.m */,
			);
			path = TableViewAnimationKit;
			sourceTree = "<group>";
		};
/* End PBXGroup section */

/* Begin PBXNativeTarget section */
		F4F2F8422318B2FD00AFAAFF /* TABAnimatedText */ = {
			isa = PBXNativeTarget;
			buildConfigurationList = F4F2F86F2318B2FF00AFAAFF /* Build configuration list for PBXNativeTarget "TABAnimatedText" */;
			buildPhases = (
				C362F46882CFFAAAACE30CCC /* [CP] Check Pods Manifest.lock */,
				F4F2F83F2318B2FD00AFAAFF /* Sources */,
				F4F2F8402318B2FD00AFAAFF /* Frameworks */,
				F4F2F8412318B2FD00AFAAFF /* Resources */,
				50361635BEF7B161AD33D14A /* [CP] Copy Pods Resources */,
			);
			buildRules = (
			);
			dependencies = (
			);
			name = TABAnimatedText;
			productName = TABAnimatedText;
			productReference = F4F2F8432318B2FD00AFAAFF /* TABAnimatedText.app */;
			productType = "com.apple.product-type.application";
		};
		F4F2F85A2318B2FF00AFAAFF /* TABAnimatedTextTests */ = {
			isa = PBXNativeTarget;
			buildConfigurationList = F4F2F8722318B2FF00AFAAFF /* Build configuration list for PBXNativeTarget "TABAnimatedTextTests" */;
			buildPhases = (
				F4F2F8572318B2FF00AFAAFF /* Sources */,
				F4F2F8582318B2FF00AFAAFF /* Frameworks */,
				F4F2F8592318B2FF00AFAAFF /* Resources */,
			);
			buildRules = (
			);
			dependencies = (
				F4F2F85D2318B2FF00AFAAFF /* PBXTargetDependency */,
			);
			name = TABAnimatedTextTests;
			productName = TABAnimatedTextTests;
			productReference = F4F2F85B2318B2FF00AFAAFF /* TABAnimatedTextTests.xctest */;
			productType = "com.apple.product-type.bundle.unit-test";
		};
		F4F2F8652318B2FF00AFAAFF /* TABAnimatedTextUITests */ = {
			isa = PBXNativeTarget;
			buildConfigurationList = F4F2F8752318B2FF00AFAAFF /* Build configuration list for PBXNativeTarget "TABAnimatedTextUITests" */;
			buildPhases = (
				F4F2F8622318B2FF00AFAAFF /* Sources */,
				F4F2F8632318B2FF00AFAAFF /* Frameworks */,
				F4F2F8642318B2FF00AFAAFF /* Resources */,
			);
			buildRules = (
			);
			dependencies = (
				F4F2F8682318B2FF00AFAAFF /* PBXTargetDependency */,
			);
			name = TABAnimatedTextUITests;
			productName = TABAnimatedTextUITests;
			productReference = F4F2F8662318B2FF00AFAAFF /* TABAnimatedTextUITests.xctest */;
			productType = "com.apple.product-type.bundle.ui-testing";
		};
/* End PBXNativeTarget section */

/* Begin PBXProject section */
		F4F2F83B2318B2FD00AFAAFF /* Project object */ = {
			isa = PBXProject;
			attributes = {
				LastUpgradeCheck = 1010;
				ORGANIZATIONNAME = wx;
				TargetAttributes = {
					F4F2F8422318B2FD00AFAAFF = {
						CreatedOnToolsVersion = 10.1;
					};
					F4F2F85A2318B2FF00AFAAFF = {
						CreatedOnToolsVersion = 10.1;
						TestTargetID = F4F2F8422318B2FD00AFAAFF;
					};
					F4F2F8652318B2FF00AFAAFF = {
						CreatedOnToolsVersion = 10.1;
						TestTargetID = F4F2F8422318B2FD00AFAAFF;
					};
				};
			};
			buildConfigurationList = F4F2F83E2318B2FD00AFAAFF /* Build configuration list for PBXProject "TABAnimatedText" */;
			compatibilityVersion = "Xcode 9.3";
			developmentRegion = en;
			hasScannedForEncodings = 0;
			knownRegions = (
				en,
				Base,
			);
			mainGroup = F4F2F83A2318B2FD00AFAAFF;
			productRefGroup = F4F2F8442318B2FD00AFAAFF /* Products */;
			projectDirPath = "";
			projectRoot = "";
			targets = (
				F4F2F8422318B2FD00AFAAFF /* TABAnimatedText */,
				F4F2F85A2318B2FF00AFAAFF /* TABAnimatedTextTests */,
				F4F2F8652318B2FF00AFAAFF /* TABAnimatedTextUITests */,
			);
		};
/* End PBXProject section */

/* Begin PBXResourcesBuildPhase section */
		F4F2F8412318B2FD00AFAAFF /* Resources */ = {
			isa = PBXResourcesBuildPhase;
			buildActionMask = 2147483647;
			files = (
				F4F2F8532318B2FF00AFAAFF /* LaunchScreen.storyboard in Resources */,
				F4F2F8502318B2FF00AFAAFF /* Assets.xcassets in Resources */,
			);
			runOnlyForDeploymentPostprocessing = 0;
		};
		F4F2F8592318B2FF00AFAAFF /* Resources */ = {
			isa = PBXResourcesBuildPhase;
			buildActionMask = 2147483647;
			files = (
			);
			runOnlyForDeploymentPostprocessing = 0;
		};
		F4F2F8642318B2FF00AFAAFF /* Resources */ = {
			isa = PBXResourcesBuildPhase;
			buildActionMask = 2147483647;
			files = (
			);
			runOnlyForDeploymentPostprocessing = 0;
		};
/* End PBXResourcesBuildPhase section */

/* Begin PBXShellScriptBuildPhase section */
		50361635BEF7B161AD33D14A /* [CP] Copy Pods Resources */ = {
			isa = PBXShellScriptBuildPhase;
			buildActionMask = 2147483647;
			files = (
			);
			inputFileListPaths = (
				"${PODS_ROOT}/Target Support Files/Pods-TABAnimatedText/Pods-TABAnimatedText-resources-${CONFIGURATION}-input-files.xcfilelist",
			);
			name = "[CP] Copy Pods Resources";
			outputFileListPaths = (
				"${PODS_ROOT}/Target Support Files/Pods-TABAnimatedText/Pods-TABAnimatedText-resources-${CONFIGURATION}-output-files.xcfilelist",
			);
			runOnlyForDeploymentPostprocessing = 0;
			shellPath = /bin/sh;
			shellScript = "\"${PODS_ROOT}/Target Support Files/Pods-TABAnimatedText/Pods-TABAnimatedText-resources.sh\"\n";
			showEnvVarsInLog = 0;
		};
		C362F46882CFFAAAACE30CCC /* [CP] Check Pods Manifest.lock */ = {
			isa = PBXShellScriptBuildPhase;
			buildActionMask = 2147483647;
			files = (
			);
			inputFileListPaths = (
			);
			inputPaths = (
				"${PODS_PODFILE_DIR_PATH}/Podfile.lock",
				"${PODS_ROOT}/Manifest.lock",
			);
			name = "[CP] Check Pods Manifest.lock";
			outputFileListPaths = (
			);
			outputPaths = (
				"$(DERIVED_FILE_DIR)/Pods-TABAnimatedText-checkManifestLockResult.txt",
			);
			runOnlyForDeploymentPostprocessing = 0;
			shellPath = /bin/sh;
			shellScript = "diff \"${PODS_PODFILE_DIR_PATH}/Podfile.lock\" \"${PODS_ROOT}/Manifest.lock\" > /dev/null\nif [ $? != 0 ] ; then\n    # print error to STDERR\n    echo \"error: The sandbox is not in sync with the Podfile.lock. Run 'pod install' or update your CocoaPods installation.\" >&2\n    exit 1\nfi\n# This output is used by Xcode 'outputs' to avoid re-running this script phase.\necho \"SUCCESS\" > \"${SCRIPT_OUTPUT_FILE_0}\"\n";
			showEnvVarsInLog = 0;
		};
/* End PBXShellScriptBuildPhase section */

/* Begin PBXSourcesBuildPhase section */
		F4F2F83F2318B2FD00AFAAFF /* Sources */ = {
			isa = PBXSourcesBuildPhase;
			buildActionMask = 2147483647;
			files = (
				F4F2F8822318C17900AFAAFF /* BaseTableViewCell.m in Sources */,
				F4F2F8942318C21D00AFAAFF /* UIView+Category.m in Sources */,
				F4F2F87A2318B59D00AFAAFF /* BaseViewController.m in Sources */,
				F4F2F8562318B2FF00AFAAFF /* main.m in Sources */,
				F4F2F8912318C21D00AFAAFF /* UIButton+Category.m in Sources */,
				F4F2F8932318C21D00AFAAFF /* UILabel+Category.m in Sources */,
				F4F2F8A92318F16400AFAAFF /* UITableView+XSAnimationKit.m in Sources */,
				F4F2F8AC2318F67500AFAAFF /* BaseModel.m in Sources */,
				F4F2F8902318C21D00AFAAFF /* UITextField+Category.m in Sources */,
				F4F2F8972318C44D00AFAAFF /* UIColor+HexColor.m in Sources */,
				F4F2F8A82318F16400AFAAFF /* TableViewAnimationKit.m in Sources */,
				F4F2F8922318C21D00AFAAFF /* UIImageView+Category.m in Sources */,
				F4F2F8482318B2FD00AFAAFF /* AppDelegate.m in Sources */,
			);
			runOnlyForDeploymentPostprocessing = 0;
		};
		F4F2F8572318B2FF00AFAAFF /* Sources */ = {
			isa = PBXSourcesBuildPhase;
			buildActionMask = 2147483647;
			files = (
				F4F2F8602318B2FF00AFAAFF /* TABAnimatedTextTests.m in Sources */,
			);
			runOnlyForDeploymentPostprocessing = 0;
		};
		F4F2F8622318B2FF00AFAAFF /* Sources */ = {
			isa = PBXSourcesBuildPhase;
			buildActionMask = 2147483647;
			files = (
				F4F2F86B2318B2FF00AFAAFF /* TABAnimatedTextUITests.m in Sources */,
			);
			runOnlyForDeploymentPostprocessing = 0;
		};
/* End PBXSourcesBuildPhase section */

/* Begin PBXTargetDependency section */
		F4F2F85D2318B2FF00AFAAFF /* PBXTargetDependency */ = {
			isa = PBXTargetDependency;
			target = F4F2F8422318B2FD00AFAAFF /* TABAnimatedText */;
			targetProxy = F4F2F85C2318B2FF00AFAAFF /* PBXContainerItemProxy */;
		};
		F4F2F8682318B2FF00AFAAFF /* PBXTargetDependency */ = {
			isa = PBXTargetDependency;
			target = F4F2F8422318B2FD00AFAAFF /* TABAnimatedText */;
			targetProxy = F4F2F8672318B2FF00AFAAFF /* PBXContainerItemProxy */;
		};
/* End PBXTargetDependency section */

/* Begin PBXVariantGroup section */
		F4F2F8512318B2FF00AFAAFF /* LaunchScreen.storyboard */ = {
			isa = PBXVariantGroup;
			children = (
				F4F2F8522318B2FF00AFAAFF /* Base */,
			);
			name = LaunchScreen.storyboard;
			sourceTree = "<group>";
		};
/* End PBXVariantGroup section */

/* Begin XCBuildConfiguration section */
		F4F2F86D2318B2FF00AFAAFF /* Debug */ = {
			isa = XCBuildConfiguration;
			buildSettings = {
				ALWAYS_SEARCH_USER_PATHS = NO;
				CLANG_ANALYZER_NONNULL = YES;
				CLANG_ANALYZER_NUMBER_OBJECT_CONVERSION = YES_AGGRESSIVE;
				CLANG_CXX_LANGUAGE_STANDARD = "gnu++14";
				CLANG_CXX_LIBRARY = "libc++";
				CLANG_ENABLE_MODULES = YES;
				CLANG_ENABLE_OBJC_ARC = YES;
				CLANG_ENABLE_OBJC_WEAK = YES;
				CLANG_WARN_BLOCK_CAPTURE_AUTORELEASING = YES;
				CLANG_WARN_BOOL_CONVERSION = YES;
				CLANG_WARN_COMMA = YES;
				CLANG_WARN_CONSTANT_CONVERSION = YES;
				CLANG_WARN_DEPRECATED_OBJC_IMPLEMENTATIONS = YES;
				CLANG_WARN_DIRECT_OBJC_ISA_USAGE = YES_ERROR;
				CLANG_WARN_DOCUMENTATION_COMMENTS = YES;
				CLANG_WARN_EMPTY_BODY = YES;
				CLANG_WARN_ENUM_CONVERSION = YES;
				CLANG_WARN_INFINITE_RECURSION = YES;
				CLANG_WARN_INT_CONVERSION = YES;
				CLANG_WARN_NON_LITERAL_NULL_CONVERSION = YES;
				CLANG_WARN_OBJC_IMPLICIT_RETAIN_SELF = YES;
				CLANG_WARN_OBJC_LITERAL_CONVERSION = YES;
				CLANG_WARN_OBJC_ROOT_CLASS = YES_ERROR;
				CLANG_WARN_RANGE_LOOP_ANALYSIS = YES;
				CLANG_WARN_STRICT_PROTOTYPES = YES;
				CLANG_WARN_SUSPICIOUS_MOVE = YES;
				CLANG_WARN_UNGUARDED_AVAILABILITY = YES_AGGRESSIVE;
				CLANG_WARN_UNREACHABLE_CODE = YES;
				CLANG_WARN__DUPLICATE_METHOD_MATCH = YES;
				CODE_SIGN_IDENTITY = "iPhone Developer";
				COPY_PHASE_STRIP = NO;
				DEBUG_INFORMATION_FORMAT = dwarf;
				ENABLE_STRICT_OBJC_MSGSEND = YES;
				ENABLE_TESTABILITY = YES;
				GCC_C_LANGUAGE_STANDARD = gnu11;
				GCC_DYNAMIC_NO_PIC = NO;
				GCC_NO_COMMON_BLOCKS = YES;
				GCC_OPTIMIZATION_LEVEL = 0;
				GCC_PREPROCESSOR_DEFINITIONS = (
					"DEBUG=1",
					"$(inherited)",
				);
				GCC_WARN_64_TO_32_BIT_CONVERSION = YES;
				GCC_WARN_ABOUT_RETURN_TYPE = YES_ERROR;
				GCC_WARN_UNDECLARED_SELECTOR = YES;
				GCC_WARN_UNINITIALIZED_AUTOS = YES_AGGRESSIVE;
				GCC_WARN_UNUSED_FUNCTION = YES;
				GCC_WARN_UNUSED_VARIABLE = YES;
				IPHONEOS_DEPLOYMENT_TARGET = 12.1;
				MTL_ENABLE_DEBUG_INFO = INCLUDE_SOURCE;
				MTL_FAST_MATH = YES;
				ONLY_ACTIVE_ARCH = YES;
				SDKROOT = iphoneos;
			};
			name = Debug;
		};
		F4F2F86E2318B2FF00AFAAFF /* Release */ = {
			isa = XCBuildConfiguration;
			buildSettings = {
				ALWAYS_SEARCH_USER_PATHS = NO;
				CLANG_ANALYZER_NONNULL = YES;
				CLANG_ANALYZER_NUMBER_OBJECT_CONVERSION = YES_AGGRESSIVE;
				CLANG_CXX_LANGUAGE_STANDARD = "gnu++14";
				CLANG_CXX_LIBRARY = "libc++";
				CLANG_ENABLE_MODULES = YES;
				CLANG_ENABLE_OBJC_ARC = YES;
				CLANG_ENABLE_OBJC_WEAK = YES;
				CLANG_WARN_BLOCK_CAPTURE_AUTORELEASING = YES;
				CLANG_WARN_BOOL_CONVERSION = YES;
				CLANG_WARN_COMMA = YES;
				CLANG_WARN_CONSTANT_CONVERSION = YES;
				CLANG_WARN_DEPRECATED_OBJC_IMPLEMENTATIONS = YES;
				CLANG_WARN_DIRECT_OBJC_ISA_USAGE = YES_ERROR;
				CLANG_WARN_DOCUMENTATION_COMMENTS = YES;
				CLANG_WARN_EMPTY_BODY = YES;
				CLANG_WARN_ENUM_CONVERSION = YES;
				CLANG_WARN_INFINITE_RECURSION = YES;
				CLANG_WARN_INT_CONVERSION = YES;
				CLANG_WARN_NON_LITERAL_NULL_CONVERSION = YES;
				CLANG_WARN_OBJC_IMPLICIT_RETAIN_SELF = YES;
				CLANG_WARN_OBJC_LITERAL_CONVERSION = YES;
				CLANG_WARN_OBJC_ROOT_CLASS = YES_ERROR;
				CLANG_WARN_RANGE_LOOP_ANALYSIS = YES;
				CLANG_WARN_STRICT_PROTOTYPES = YES;
				CLANG_WARN_SUSPICIOUS_MOVE = YES;
				CLANG_WARN_UNGUARDED_AVAILABILITY = YES_AGGRESSIVE;
				CLANG_WARN_UNREACHABLE_CODE = YES;
				CLANG_WARN__DUPLICATE_METHOD_MATCH = YES;
				CODE_SIGN_IDENTITY = "iPhone Developer";
				COPY_PHASE_STRIP = NO;
				DEBUG_INFORMATION_FORMAT = "dwarf-with-dsym";
				ENABLE_NS_ASSERTIONS = NO;
				ENABLE_STRICT_OBJC_MSGSEND = YES;
				GCC_C_LANGUAGE_STANDARD = gnu11;
				GCC_NO_COMMON_BLOCKS = YES;
				GCC_WARN_64_TO_32_BIT_CONVERSION = YES;
				GCC_WARN_ABOUT_RETURN_TYPE = YES_ERROR;
				GCC_WARN_UNDECLARED_SELECTOR = YES;
				GCC_WARN_UNINITIALIZED_AUTOS = YES_AGGRESSIVE;
				GCC_WARN_UNUSED_FUNCTION = YES;
				GCC_WARN_UNUSED_VARIABLE = YES;
				IPHONEOS_DEPLOYMENT_TARGET = 12.1;
				MTL_ENABLE_DEBUG_INFO = NO;
				MTL_FAST_MATH = YES;
				SDKROOT = iphoneos;
				VALIDATE_PRODUCT = YES;
			};
			name = Release;
		};
		F4F2F8702318B2FF00AFAAFF /* Debug */ = {
			isa = XCBuildConfiguration;
			baseConfigurationReference = CC95F2F442A01B4327EDBCF8 /* Pods-TABAnimatedText.debug.xcconfig */;
			buildSettings = {
				ASSETCATALOG_COMPILER_APPICON_NAME = AppIcon;
				CODE_SIGN_STYLE = Automatic;
				DEVELOPMENT_TEAM = N48WKRV5ZZ;
				GCC_PREFIX_HEADER = "$(PROJECT_DIR)/$(SWIFT_MODULE_NAME)/TABAnimatedText.pch";
				INFOPLIST_FILE = TABAnimatedText/Info.plist;
				LD_RUNPATH_SEARCH_PATHS = (
					"$(inherited)",
					"@executable_path/Frameworks",
				);
				PRODUCT_BUNDLE_IDENTIFIER = wx;
				PRODUCT_NAME = "$(TARGET_NAME)";
				TARGETED_DEVICE_FAMILY = "1,2";
			};
			name = Debug;
		};
		F4F2F8712318B2FF00AFAAFF /* Release */ = {
			isa = XCBuildConfiguration;
			baseConfigurationReference = 2F9D307672BC9B382A9F0049 /* Pods-TABAnimatedText.release.xcconfig */;
			buildSettings = {
				ASSETCATALOG_COMPILER_APPICON_NAME = AppIcon;
				CODE_SIGN_STYLE = Automatic;
				DEVELOPMENT_TEAM = N48WKRV5ZZ;
				GCC_PREFIX_HEADER = "$(PROJECT_DIR)/$(SWIFT_MODULE_NAME)/TABAnimatedText.pch";
				INFOPLIST_FILE = TABAnimatedText/Info.plist;
				LD_RUNPATH_SEARCH_PATHS = (
					"$(inherited)",
					"@executable_path/Frameworks",
				);
				PRODUCT_BUNDLE_IDENTIFIER = wx;
				PRODUCT_NAME = "$(TARGET_NAME)";
				TARGETED_DEVICE_FAMILY = "1,2";
			};
			name = Release;
		};
		F4F2F8732318B2FF00AFAAFF /* Debug */ = {
			isa = XCBuildConfiguration;
			buildSettings = {
				BUNDLE_LOADER = "$(TEST_HOST)";
				CODE_SIGN_STYLE = Automatic;
				DEVELOPMENT_TEAM = N48WKRV5ZZ;
				INFOPLIST_FILE = TABAnimatedTextTests/Info.plist;
				LD_RUNPATH_SEARCH_PATHS = (
					"$(inherited)",
					"@executable_path/Frameworks",
					"@loader_path/Frameworks",
				);
				PRODUCT_BUNDLE_IDENTIFIER = wx.TABAnimatedTextTests;
				PRODUCT_NAME = "$(TARGET_NAME)";
				TARGETED_DEVICE_FAMILY = "1,2";
				TEST_HOST = "$(BUILT_PRODUCTS_DIR)/TABAnimatedText.app/TABAnimatedText";
			};
			name = Debug;
		};
		F4F2F8742318B2FF00AFAAFF /* Release */ = {
			isa = XCBuildConfiguration;
			buildSettings = {
				BUNDLE_LOADER = "$(TEST_HOST)";
				CODE_SIGN_STYLE = Automatic;
				DEVELOPMENT_TEAM = N48WKRV5ZZ;
				INFOPLIST_FILE = TABAnimatedTextTests/Info.plist;
				LD_RUNPATH_SEARCH_PATHS = (
					"$(inherited)",
					"@executable_path/Frameworks",
					"@loader_path/Frameworks",
				);
				PRODUCT_BUNDLE_IDENTIFIER = wx.TABAnimatedTextTests;
				PRODUCT_NAME = "$(TARGET_NAME)";
				TARGETED_DEVICE_FAMILY = "1,2";
				TEST_HOST = "$(BUILT_PRODUCTS_DIR)/TABAnimatedText.app/TABAnimatedText";
			};
			name = Release;
		};
		F4F2F8762318B2FF00AFAAFF /* Debug */ = {
			isa = XCBuildConfiguration;
			buildSettings = {
				CODE_SIGN_STYLE = Automatic;
				DEVELOPMENT_TEAM = N48WKRV5ZZ;
				INFOPLIST_FILE = TABAnimatedTextUITests/Info.plist;
				LD_RUNPATH_SEARCH_PATHS = (
					"$(inherited)",
					"@executable_path/Frameworks",
					"@loader_path/Frameworks",
				);
				PRODUCT_BUNDLE_IDENTIFIER = wx.TABAnimatedTextUITests;
				PRODUCT_NAME = "$(TARGET_NAME)";
				TARGETED_DEVICE_FAMILY = "1,2";
				TEST_TARGET_NAME = TABAnimatedText;
			};
			name = Debug;
		};
		F4F2F8772318B2FF00AFAAFF /* Release */ = {
			isa = XCBuildConfiguration;
			buildSettings = {
				CODE_SIGN_STYLE = Automatic;
				DEVELOPMENT_TEAM = N48WKRV5ZZ;
				INFOPLIST_FILE = TABAnimatedTextUITests/Info.plist;
				LD_RUNPATH_SEARCH_PATHS = (
					"$(inherited)",
					"@executable_path/Frameworks",
					"@loader_path/Frameworks",
				);
				PRODUCT_BUNDLE_IDENTIFIER = wx.TABAnimatedTextUITests;
				PRODUCT_NAME = "$(TARGET_NAME)";
				TARGETED_DEVICE_FAMILY = "1,2";
				TEST_TARGET_NAME = TABAnimatedText;
			};
			name = Release;
		};
/* End XCBuildConfiguration section */

/* Begin XCConfigurationList section */
		F4F2F83E2318B2FD00AFAAFF /* Build configuration list for PBXProject "TABAnimatedText" */ = {
			isa = XCConfigurationList;
			buildConfigurations = (
				F4F2F86D2318B2FF00AFAAFF /* Debug */,
				F4F2F86E2318B2FF00AFAAFF /* Release */,
			);
			defaultConfigurationIsVisible = 0;
			defaultConfigurationName = Release;
		};
		F4F2F86F2318B2FF00AFAAFF /* Build configuration list for PBXNativeTarget "TABAnimatedText" */ = {
			isa = XCConfigurationList;
			buildConfigurations = (
				F4F2F8702318B2FF00AFAAFF /* Debug */,
				F4F2F8712318B2FF00AFAAFF /* Release */,
			);
			defaultConfigurationIsVisible = 0;
			defaultConfigurationName = Release;
		};
		F4F2F8722318B2FF00AFAAFF /* Build configuration list for PBXNativeTarget "TABAnimatedTextTests" */ = {
			isa = XCConfigurationList;
			buildConfigurations = (
				F4F2F8732318B2FF00AFAAFF /* Debug */,
				F4F2F8742318B2FF00AFAAFF /* Release */,
			);
			defaultConfigurationIsVisible = 0;
			defaultConfigurationName = Release;
		};
		F4F2F8752318B2FF00AFAAFF /* Build configuration list for PBXNativeTarget "TABAnimatedTextUITests" */ = {
			isa = XCConfigurationList;
			buildConfigurations = (
				F4F2F8762318B2FF00AFAAFF /* Debug */,
				F4F2F8772318B2FF00AFAAFF /* Release */,
			);
			defaultConfigurationIsVisible = 0;
			defaultConfigurationName = Release;
		};
/* End XCConfigurationList section */
	};
	rootObject = F4F2F83B2318B2FD00AFAAFF /* Project object */;
}
